
Microsoft Visual Studio Solution File, Format Version 12.00
# Visual Studio Version 17
VisualStudioVersion = 17.11.35327.3
MinimumVisualStudioVersion = 10.0.40219.1
Project("{FAE04EC0-301F-11D3-BF4B-00C04F79EFBC}") = "ex_14", "ex_14.csproj", "{03046165-60B3-422B-8EAB-0448569F2A36}"
EndProject
Global
	GlobalSection(SolutionConfigurationPlatforms) = preSolution
		Debug|Any CPU = Debug|Any CPU
		Release|Any CPU = Release|Any CPU
	EndGlobalSection
	GlobalSection(ProjectConfigurationPlatforms) = postSolution
		{03046165-60B3-422B-8EAB-0448569F2A36}.Debug|Any CPU.ActiveCfg = Debug|Any CPU
		{03046165-60B3-422B-8EAB-0448569F2A36}.Debug|Any CPU.Build.0 = Debug|Any CPU
		{03046165-60B3-422B-8EAB-0448569F2A36}.Release|Any CPU.ActiveCfg = Release|Any CPU
		{03046165-60B3-422B-8EAB-0448569F2A36}.Release|Any CPU.Build.0 = Release|Any CPU
	EndGlobalSection
	GlobalSection(SolutionProperties) = preSolution
		HideSolutionNode = FALSE
	EndGlobalSection
	GlobalSection(ExtensibilityGlobals) = postSolution
		SolutionGuid = {910E40BD-954E-497F-84AD-F6818CF00CD1}
	EndGlobalSection
EndGlobal
